
Microsoft Visual Studio Solution File, Format Version 12.00
# Visual Studio Version 16
VisualStudioVersion = 16.0.34601.136
MinimumVisualStudioVersion = 10.0.40219.1
Project("{FAE04EC0-301F-11D3-BF4B-00C04F79EFBC}") = "Grupo4_Clave4", "Grupo4_Clave4.csproj", "{80F9C973-96C3-4E11-86E6-06A75BF860CF}"
EndProject
Global
	GlobalSection(SolutionConfigurationPlatforms) = preSolution
		Debug|Any CPU = Debug|Any CPU
		Release|Any CPU = Release|Any CPU
	EndGlobalSection
	GlobalSection(ProjectConfigurationPlatforms) = postSolution
		{80F9C973-96C3-4E11-86E6-06A75BF860CF}.Debug|Any CPU.ActiveCfg = Debug|Any CPU
		{80F9C973-96C3-4E11-86E6-06A75BF860CF}.Debug|Any CPU.Build.0 = Debug|Any CPU
		{80F9C973-96C3-4E11-86E6-06A75BF860CF}.Release|Any CPU.ActiveCfg = Release|Any CPU
		{80F9C973-96C3-4E11-86E6-06A75BF860CF}.Release|Any CPU.Build.0 = Release|Any CPU
	EndGlobalSection
	GlobalSection(SolutionProperties) = preSolution
		HideSolutionNode = FALSE
	EndGlobalSection
	GlobalSection(ExtensibilityGlobals) = postSolution
		SolutionGuid = {18A7B14E-2C32-48D2-9ACB-4AAC20352D60}
	EndGlobalSection
EndGlobal
